
Microsoft Visual Studio Solution File, Format Version 12.00
# Visual Studio 15
Project("{FAE04EC0-301F-11D3-BF4B-00C04F79EFBC}") = "Contact.Android", "Contact.Android\Contact.Android.csproj", "{22B6A09D-3BF3-4C56-8C66-5DEB1BF293EC}"
EndProject
Project("{FAE04EC0-301F-11D3-BF4B-00C04F79EFBC}") = "Contact.iOS", "Contact.iOS\Contact.iOS.csproj", "{BA70FC5C-3197-4325-9F01-5561E7A10D22}"
EndProject
Project("{FAE04EC0-301F-11D3-BF4B-00C04F79EFBC}") = "Contact.UITests", "Contact.UITests\Contact.UITests.csproj", "{B19C892E-2628-4CA7-AD27-08D406A3B14B}"
EndProject
Project("{FAE04EC0-301F-11D3-BF4B-00C04F79EFBC}") = "Contact", "Contact\Contact.csproj", "{014E572C-029E-41CA-9C05-13CEC3F90B57}"
EndProject
Global
	GlobalSection(SolutionConfigurationPlatforms) = preSolution
		Debug|Any CPU = Debug|Any CPU
		Release|Any CPU = Release|Any CPU
		Debug|iPhoneSimulator = Debug|iPhoneSimulator
		Release|iPhoneSimulator = Release|iPhoneSimulator
		Debug|iPhone = Debug|iPhone
		Release|iPhone = Release|iPhone
		Ad-Hoc|iPhone = Ad-Hoc|iPhone
		AppStore|iPhone = AppStore|iPhone
	EndGlobalSection
	GlobalSection(ProjectConfigurationPlatforms) = postSolution
		{22B6A09D-3BF3-4C56-8C66-5DEB1BF293EC}.Debug|Any CPU.ActiveCfg = Debug|Any CPU
		{22B6A09D-3BF3-4C56-8C66-5DEB1BF293EC}.Debug|Any CPU.Build.0 = Debug|Any CPU
		{22B6A09D-3BF3-4C56-8C66-5DEB1BF293EC}.Release|Any CPU.ActiveCfg = Release|Any CPU
		{22B6A09D-3BF3-4C56-8C66-5DEB1BF293EC}.Release|Any CPU.Build.0 = Release|Any CPU
		{22B6A09D-3BF3-4C56-8C66-5DEB1BF293EC}.Debug|iPhoneSimulator.ActiveCfg = Debug|Any CPU
		{22B6A09D-3BF3-4C56-8C66-5DEB1BF293EC}.Debug|iPhoneSimulator.Build.0 = Debug|Any CPU
		{22B6A09D-3BF3-4C56-8C66-5DEB1BF293EC}.Release|iPhoneSimulator.ActiveCfg = Release|Any CPU
		{22B6A09D-3BF3-4C56-8C66-5DEB1BF293EC}.Release|iPhoneSimulator.Build.0 = Release|Any CPU
		{22B6A09D-3BF3-4C56-8C66-5DEB1BF293EC}.Debug|iPhone.ActiveCfg = Debug|Any CPU
		{22B6A09D-3BF3-4C56-8C66-5DEB1BF293EC}.Debug|iPhone.Build.0 = Debug|Any CPU
		{22B6A09D-3BF3-4C56-8C66-5DEB1BF293EC}.Release|iPhone.ActiveCfg = Release|Any CPU
		{22B6A09D-3BF3-4C56-8C66-5DEB1BF293EC}.Release|iPhone.Build.0 = Release|Any CPU
		{22B6A09D-3BF3-4C56-8C66-5DEB1BF293EC}.Ad-Hoc|iPhone.ActiveCfg = Debug|Any CPU
		{22B6A09D-3BF3-4C56-8C66-5DEB1BF293EC}.Ad-Hoc|iPhone.Build.0 = Debug|Any CPU
		{22B6A09D-3BF3-4C56-8C66-5DEB1BF293EC}.AppStore|iPhone.ActiveCfg = Debug|Any CPU
		{22B6A09D-3BF3-4C56-8C66-5DEB1BF293EC}.AppStore|iPhone.Build.0 = Debug|Any CPU
		{BA70FC5C-3197-4325-9F01-5561E7A10D22}.Debug|Any CPU.ActiveCfg = Debug|iPhoneSimulator
		{BA70FC5C-3197-4325-9F01-5561E7A10D22}.Debug|Any CPU.Build.0 = Debug|iPhoneSimulator
		{BA70FC5C-3197-4325-9F01-5561E7A10D22}.Release|Any CPU.ActiveCfg = Release|iPhoneSimulator
		{BA70FC5C-3197-4325-9F01-5561E7A10D22}.Release|Any CPU.Build.0 = Release|iPhoneSimulator
		{BA70FC5C-3197-4325-9F01-5561E7A10D22}.Debug|iPhoneSimulator.ActiveCfg = Debug|iPhoneSimulator
		{BA70FC5C-3197-4325-9F01-5561E7A10D22}.Debug|iPhoneSimulator.Build.0 = Debug|iPhoneSimulator
		{BA70FC5C-3197-4325-9F01-5561E7A10D22}.Release|iPhoneSimulator.ActiveCfg = Release|iPhoneSimulator
		{BA70FC5C-3197-4325-9F01-5561E7A10D22}.Release|iPhoneSimulator.Build.0 = Release|iPhoneSimulator
		{BA70FC5C-3197-4325-9F01-5561E7A10D22}.Debug|iPhone.ActiveCfg = Debug|iPhone
		{BA70FC5C-3197-4325-9F01-5561E7A10D22}.Debug|iPhone.Build.0 = Debug|iPhone
		{BA70FC5C-3197-4325-9F01-5561E7A10D22}.Release|iPhone.ActiveCfg = Release|iPhone
		{BA70FC5C-3197-4325-9F01-5561E7A10D22}.Release|iPhone.Build.0 = Release|iPhone
		{BA70FC5C-3197-4325-9F01-5561E7A10D22}.Ad-Hoc|iPhone.ActiveCfg = Ad-Hoc|iPhone
		{BA70FC5C-3197-4325-9F01-5561E7A10D22}.Ad-Hoc|iPhone.Build.0 = Ad-Hoc|iPhone
		{BA70FC5C-3197-4325-9F01-5561E7A10D22}.AppStore|iPhone.ActiveCfg = AppStore|iPhone
		{BA70FC5C-3197-4325-9F01-5561E7A10D22}.AppStore|iPhone.Build.0 = AppStore|iPhone
		{B19C892E-2628-4CA7-AD27-08D406A3B14B}.Debug|Any CPU.ActiveCfg = Debug|Any CPU
		{B19C892E-2628-4CA7-AD27-08D406A3B14B}.Debug|Any CPU.Build.0 = Debug|Any CPU
		{B19C892E-2628-4CA7-AD27-08D406A3B14B}.Release|Any CPU.ActiveCfg = Release|Any CPU
		{B19C892E-2628-4CA7-AD27-08D406A3B14B}.Release|Any CPU.Build.0 = Release|Any CPU
		{B19C892E-2628-4CA7-AD27-08D406A3B14B}.Debug|iPhoneSimulator.ActiveCfg = Debug|Any CPU
		{B19C892E-2628-4CA7-AD27-08D406A3B14B}.Debug|iPhoneSimulator.Build.0 = Debug|Any CPU
		{B19C892E-2628-4CA7-AD27-08D406A3B14B}.Release|iPhoneSimulator.ActiveCfg = Release|Any CPU
		{B19C892E-2628-4CA7-AD27-08D406A3B14B}.Release|iPhoneSimulator.Build.0 = Release|Any CPU
		{B19C892E-2628-4CA7-AD27-08D406A3B14B}.Debug|iPhone.ActiveCfg = Debug|Any CPU
		{B19C892E-2628-4CA7-AD27-08D406A3B14B}.Debug|iPhone.Build.0 = Debug|Any CPU
		{B19C892E-2628-4CA7-AD27-08D406A3B14B}.Release|iPhone.ActiveCfg = Release|Any CPU
		{B19C892E-2628-4CA7-AD27-08D406A3B14B}.Release|iPhone.Build.0 = Release|Any CPU
		{B19C892E-2628-4CA7-AD27-08D406A3B14B}.Ad-Hoc|iPhone.ActiveCfg = Debug|Any CPU
		{B19C892E-2628-4CA7-AD27-08D406A3B14B}.Ad-Hoc|iPhone.Build.0 = Debug|Any CPU
		{B19C892E-2628-4CA7-AD27-08D406A3B14B}.AppStore|iPhone.ActiveCfg = Debug|Any CPU
		{B19C892E-2628-4CA7-AD27-08D406A3B14B}.AppStore|iPhone.Build.0 = Debug|Any CPU
		{014E572C-029E-41CA-9C05-13CEC3F90B57}.Debug|Any CPU.ActiveCfg = Debug|Any CPU
		{014E572C-029E-41CA-9C05-13CEC3F90B57}.Debug|Any CPU.Build.0 = Debug|Any CPU
		{014E572C-029E-41CA-9C05-13CEC3F90B57}.Release|Any CPU.ActiveCfg = Release|Any CPU
		{014E572C-029E-41CA-9C05-13CEC3F90B57}.Release|Any CPU.Build.0 = Release|Any CPU
		{014E572C-029E-41CA-9C05-13CEC3F90B57}.Debug|iPhoneSimulator.ActiveCfg = Debug|Any CPU
		{014E572C-029E-41CA-9C05-13CEC3F90B57}.Debug|iPhoneSimulator.Build.0 = Debug|Any CPU
		{014E572C-029E-41CA-9C05-13CEC3F90B57}.Release|iPhoneSimulator.ActiveCfg = Release|Any CPU
		{014E572C-029E-41CA-9C05-13CEC3F90B57}.Release|iPhoneSimulator.Build.0 = Release|Any CPU
		{014E572C-029E-41CA-9C05-13CEC3F90B57}.Debug|iPhone.ActiveCfg = Debug|Any CPU
		{014E572C-029E-41CA-9C05-13CEC3F90B57}.Debug|iPhone.Build.0 = Debug|Any CPU
		{014E572C-029E-41CA-9C05-13CEC3F90B57}.Release|iPhone.ActiveCfg = Release|Any CPU
		{014E572C-029E-41CA-9C05-13CEC3F90B57}.Release|iPhone.Build.0 = Release|Any CPU
		{014E572C-029E-41CA-9C05-13CEC3F90B57}.Ad-Hoc|iPhone.ActiveCfg = Debug|Any CPU
		{014E572C-029E-41CA-9C05-13CEC3F90B57}.Ad-Hoc|iPhone.Build.0 = Debug|Any CPU
		{014E572C-029E-41CA-9C05-13CEC3F90B57}.AppStore|iPhone.ActiveCfg = Debug|Any CPU
		{014E572C-029E-41CA-9C05-13CEC3F90B57}.AppStore|iPhone.Build.0 = Debug|Any CPU
	EndGlobalSection
EndGlobal
